
Microsoft Visual Studio Solution File, Format Version 12.00
# Visual Studio 15
VisualStudioVersion = 15.0.26228.57
MinimumVisualStudioVersion = 10.0.40219.1
Project("{FAE04EC0-301F-11D3-BF4B-00C04F79EFBC}") = "CRUD_MVC_PARCIAL2", "CRUD_MVC_PARCIAL2\CRUD_MVC_PARCIAL2.csproj", "{B62E89D4-0126-428F-80D2-5EFB7B984756}"
EndProject
Global
	GlobalSection(SolutionConfigurationPlatforms) = preSolution
		Debug|Any CPU = Debug|Any CPU
		Release|Any CPU = Release|Any CPU
	EndGlobalSection
	GlobalSection(ProjectConfigurationPlatforms) = postSolution
		{B62E89D4-0126-428F-80D2-5EFB7B984756}.Debug|Any CPU.ActiveCfg = Debug|Any CPU
		{B62E89D4-0126-428F-80D2-5EFB7B984756}.Debug|Any CPU.Build.0 = Debug|Any CPU
		{B62E89D4-0126-428F-80D2-5EFB7B984756}.Release|Any CPU.ActiveCfg = Release|Any CPU
		{B62E89D4-0126-428F-80D2-5EFB7B984756}.Release|Any CPU.Build.0 = Release|Any CPU
	EndGlobalSection
	GlobalSection(SolutionProperties) = preSolution
		HideSolutionNode = FALSE
	EndGlobalSection
EndGlobal
